
Microsoft Visual Studio Solution File, Format Version 12.00
# Visual Studio Version 16
VisualStudioVersion = 16.0.31729.503
MinimumVisualStudioVersion = 10.0.40219.1
Project("{FAE04EC0-301F-11D3-BF4B-00C04F79EFBC}") = "ArrayandString", "ArrayandString\ArrayandString.csproj", "{65267E46-5279-4B19-B468-838058FFF34D}"
EndProject
Global
	GlobalSection(SolutionConfigurationPlatforms) = preSolution
		Debug|Any CPU = Debug|Any CPU
		Release|Any CPU = Release|Any CPU
	EndGlobalSection
	GlobalSection(ProjectConfigurationPlatforms) = postSolution
		{65267E46-5279-4B19-B468-838058FFF34D}.Debug|Any CPU.ActiveCfg = Debug|Any CPU
		{65267E46-5279-4B19-B468-838058FFF34D}.Debug|Any CPU.Build.0 = Debug|Any CPU
		{65267E46-5279-4B19-B468-838058FFF34D}.Release|Any CPU.ActiveCfg = Release|Any CPU
		{65267E46-5279-4B19-B468-838058FFF34D}.Release|Any CPU.Build.0 = Release|Any CPU
	EndGlobalSection
	GlobalSection(SolutionProperties) = preSolution
		HideSolutionNode = FALSE
	EndGlobalSection
	GlobalSection(ExtensibilityGlobals) = postSolution
		SolutionGuid = {15FC4E5C-E033-46CB-B52D-CA8EEAFBC521}
	EndGlobalSection
EndGlobal
